
Microsoft Visual Studio Solution File, Format Version 12.00
# Visual Studio Version 17
VisualStudioVersion = 17.0.31903.59
MinimumVisualStudioVersion = 10.0.40219.1
Project("{FAE04EC0-301F-11D3-BF4B-00C04F79EFBC}") = "StudentManagement.WinForms", "StudentManagement.WinForms\StudentManagement.WinForms.csproj", "{9052592C-8CC7-4137-B3FE-2425F8FE5F19}"
EndProject
Project("{FAE04EC0-301F-11D3-BF4B-00C04F79EFBC}") = "StudentManagement.Data", "StudentManagement.Data\StudentManagement.Data.csproj", "{638EEF3A-3D4F-49B2-A305-7077E0E4C76A}"
EndProject
Global
	GlobalSection(SolutionConfigurationPlatforms) = preSolution
		Debug|Any CPU = Debug|Any CPU
		Debug|x64 = Debug|x64
		Debug|x86 = Debug|x86
		Release|Any CPU = Release|Any CPU
		Release|x64 = Release|x64
		Release|x86 = Release|x86
	EndGlobalSection
	GlobalSection(ProjectConfigurationPlatforms) = postSolution
		{9052592C-8CC7-4137-B3FE-2425F8FE5F19}.Debug|Any CPU.ActiveCfg = Debug|Any CPU
		{9052592C-8CC7-4137-B3FE-2425F8FE5F19}.Debug|Any CPU.Build.0 = Debug|Any CPU
		{9052592C-8CC7-4137-B3FE-2425F8FE5F19}.Debug|x64.ActiveCfg = Debug|Any CPU
		{9052592C-8CC7-4137-B3FE-2425F8FE5F19}.Debug|x64.Build.0 = Debug|Any CPU
		{9052592C-8CC7-4137-B3FE-2425F8FE5F19}.Debug|x86.ActiveCfg = Debug|Any CPU
		{9052592C-8CC7-4137-B3FE-2425F8FE5F19}.Debug|x86.Build.0 = Debug|Any CPU
		{9052592C-8CC7-4137-B3FE-2425F8FE5F19}.Release|Any CPU.ActiveCfg = Release|Any CPU
		{9052592C-8CC7-4137-B3FE-2425F8FE5F19}.Release|Any CPU.Build.0 = Release|Any CPU
		{9052592C-8CC7-4137-B3FE-2425F8FE5F19}.Release|x64.ActiveCfg = Release|Any CPU
		{9052592C-8CC7-4137-B3FE-2425F8FE5F19}.Release|x64.Build.0 = Release|Any CPU
		{9052592C-8CC7-4137-B3FE-2425F8FE5F19}.Release|x86.ActiveCfg = Release|Any CPU
		{9052592C-8CC7-4137-B3FE-2425F8FE5F19}.Release|x86.Build.0 = Release|Any CPU
		{638EEF3A-3D4F-49B2-A305-7077E0E4C76A}.Debug|Any CPU.ActiveCfg = Debug|Any CPU
		{638EEF3A-3D4F-49B2-A305-7077E0E4C76A}.Debug|Any CPU.Build.0 = Debug|Any CPU
		{638EEF3A-3D4F-49B2-A305-7077E0E4C76A}.Debug|x64.ActiveCfg = Debug|Any CPU
		{638EEF3A-3D4F-49B2-A305-7077E0E4C76A}.Debug|x64.Build.0 = Debug|Any CPU
		{638EEF3A-3D4F-49B2-A305-7077E0E4C76A}.Debug|x86.ActiveCfg = Debug|Any CPU
		{638EEF3A-3D4F-49B2-A305-7077E0E4C76A}.Debug|x86.Build.0 = Debug|Any CPU
		{638EEF3A-3D4F-49B2-A305-7077E0E4C76A}.Release|Any CPU.ActiveCfg = Release|Any CPU
		{638EEF3A-3D4F-49B2-A305-7077E0E4C76A}.Release|Any CPU.Build.0 = Release|Any CPU
		{638EEF3A-3D4F-49B2-A305-7077E0E4C76A}.Release|x64.ActiveCfg = Release|Any CPU
		{638EEF3A-3D4F-49B2-A305-7077E0E4C76A}.Release|x64.Build.0 = Release|Any CPU
		{638EEF3A-3D4F-49B2-A305-7077E0E4C76A}.Release|x86.ActiveCfg = Release|Any CPU
		{638EEF3A-3D4F-49B2-A305-7077E0E4C76A}.Release|x86.Build.0 = Release|Any CPU
	EndGlobalSection
	GlobalSection(SolutionProperties) = preSolution
		HideSolutionNode = FALSE
	EndGlobalSection
EndGlobal
